
Microsoft Visual Studio Solution File, Format Version 12.00
# Visual Studio Version 16
VisualStudioVersion = 16.0.31727.386
MinimumVisualStudioVersion = 10.0.40219.1
Project("{FAE04EC0-301F-11D3-BF4B-00C04F79EFBC}") = "deletesoon", "deletesoon\deletesoon.csproj", "{C05DE105-0F6B-40BD-B499-2B5792B31EBF}"
EndProject
Global
	GlobalSection(SolutionConfigurationPlatforms) = preSolution
		Debug|Any CPU = Debug|Any CPU
		Release|Any CPU = Release|Any CPU
	EndGlobalSection
	GlobalSection(ProjectConfigurationPlatforms) = postSolution
		{C05DE105-0F6B-40BD-B499-2B5792B31EBF}.Debug|Any CPU.ActiveCfg = Debug|Any CPU
		{C05DE105-0F6B-40BD-B499-2B5792B31EBF}.Debug|Any CPU.Build.0 = Debug|Any CPU
		{C05DE105-0F6B-40BD-B499-2B5792B31EBF}.Release|Any CPU.ActiveCfg = Release|Any CPU
		{C05DE105-0F6B-40BD-B499-2B5792B31EBF}.Release|Any CPU.Build.0 = Release|Any CPU
	EndGlobalSection
	GlobalSection(SolutionProperties) = preSolution
		HideSolutionNode = FALSE
	EndGlobalSection
	GlobalSection(ExtensibilityGlobals) = postSolution
		SolutionGuid = {E0AB110F-E2D3-46BE-AE7B-E4932A95FBB6}
	EndGlobalSection
EndGlobal
